
Microsoft Visual Studio Solution File, Format Version 12.00
# Visual Studio 15
VisualStudioVersion = 15.0.27130.2027
MinimumVisualStudioVersion = 10.0.40219.1
Project("{FAE04EC0-301F-11D3-BF4B-00C04F79EFBC}") = "Common45", "Common45\Common45.csproj", "{5DCC391C-FD92-47B7-83F4-1893904B55FC}"
EndProject
Project("{FAE04EC0-301F-11D3-BF4B-00C04F79EFBC}") = "Common461", "Common461\Common461.csproj", "{F0081486-1D42-40CE-9D45-BB7A4027B549}"
EndProject
Project("{FAE04EC0-301F-11D3-BF4B-00C04F79EFBC}") = "CsvOutputExtensions45", "CsvOutputExtensions45\CsvOutputExtensions45.csproj", "{90C6C7FD-9E7C-41C7-A7A0-E9CBF8779EA3}"
EndProject
Project("{FAE04EC0-301F-11D3-BF4B-00C04F79EFBC}") = "CsvOutputExtensions461", "CsvOutputExtensions461\CsvOutputExtensions461.csproj", "{57715DA5-84A3-483B-A226-036ABD9B0537}"
EndProject
Project("{FAE04EC0-301F-11D3-BF4B-00C04F79EFBC}") = "StringExtensions45", "StringExtensions45\StringExtensions45.csproj", "{92CC43BC-2331-4B1E-B498-F8A0C62E3839}"
EndProject
Project("{FAE04EC0-301F-11D3-BF4B-00C04F79EFBC}") = "StringExtensions461", "StringExtensions461\StringExtensions461.csproj", "{059E56DF-22D5-496A-8EAB-3EA73C99777B}"
EndProject
Project("{FAE04EC0-301F-11D3-BF4B-00C04F79EFBC}") = "ExcelOutputExtensions45", "ExcelOutputExtensions45\ExcelOutputExtensions45.csproj", "{E4884AF8-F27B-4747-B04F-70E86AA69DED}"
EndProject
Project("{FAE04EC0-301F-11D3-BF4B-00C04F79EFBC}") = "ExcelOutputExtensions461", "ExcelOutputExtensions461\ExcelOutputExtensions461.csproj", "{26E422E8-C5F3-4FA0-8E35-75B0557FA2DD}"
EndProject
Project("{FAE04EC0-301F-11D3-BF4B-00C04F79EFBC}") = "Common47", "Common47\Common47.csproj", "{271692B1-77C4-49FA-A4E2-6A7171CDFB19}"
EndProject
Project("{FAE04EC0-301F-11D3-BF4B-00C04F79EFBC}") = "CsvOutputExtensions47", "CsvOutputExtensions47\CsvOutputExtensions47.csproj", "{049F1406-B613-4857-9549-3D17021F766C}"
EndProject
Project("{FAE04EC0-301F-11D3-BF4B-00C04F79EFBC}") = "StringExtensions47", "StringExtensions47\StringExtensions47.csproj", "{C31B8BB0-8C32-476A-BD5C-60563C624DEE}"
EndProject
Project("{FAE04EC0-301F-11D3-BF4B-00C04F79EFBC}") = "ExcelOutputExtensions47", "ExcelOutputExtensions47\ExcelOutputExtensions47.csproj", "{7A969DA9-0C88-4A1C-AB84-DE7E5262EDBF}"
EndProject
Project("{FAE04EC0-301F-11D3-BF4B-00C04F79EFBC}") = "Test", "Test\Test.csproj", "{113BE27F-20B1-4BC4-A1DD-8F4339F16CE5}"
EndProject
Global
	GlobalSection(SolutionConfigurationPlatforms) = preSolution
		Debug|Any CPU = Debug|Any CPU
		Release|Any CPU = Release|Any CPU
	EndGlobalSection
	GlobalSection(ProjectConfigurationPlatforms) = postSolution
		{5DCC391C-FD92-47B7-83F4-1893904B55FC}.Debug|Any CPU.ActiveCfg = Debug|Any CPU
		{5DCC391C-FD92-47B7-83F4-1893904B55FC}.Debug|Any CPU.Build.0 = Debug|Any CPU
		{5DCC391C-FD92-47B7-83F4-1893904B55FC}.Release|Any CPU.ActiveCfg = Release|Any CPU
		{5DCC391C-FD92-47B7-83F4-1893904B55FC}.Release|Any CPU.Build.0 = Release|Any CPU
		{F0081486-1D42-40CE-9D45-BB7A4027B549}.Debug|Any CPU.ActiveCfg = Debug|Any CPU
		{F0081486-1D42-40CE-9D45-BB7A4027B549}.Debug|Any CPU.Build.0 = Debug|Any CPU
		{F0081486-1D42-40CE-9D45-BB7A4027B549}.Release|Any CPU.ActiveCfg = Release|Any CPU
		{F0081486-1D42-40CE-9D45-BB7A4027B549}.Release|Any CPU.Build.0 = Release|Any CPU
		{90C6C7FD-9E7C-41C7-A7A0-E9CBF8779EA3}.Debug|Any CPU.ActiveCfg = Debug|Any CPU
		{90C6C7FD-9E7C-41C7-A7A0-E9CBF8779EA3}.Debug|Any CPU.Build.0 = Debug|Any CPU
		{90C6C7FD-9E7C-41C7-A7A0-E9CBF8779EA3}.Release|Any CPU.ActiveCfg = Release|Any CPU
		{90C6C7FD-9E7C-41C7-A7A0-E9CBF8779EA3}.Release|Any CPU.Build.0 = Release|Any CPU
		{57715DA5-84A3-483B-A226-036ABD9B0537}.Debug|Any CPU.ActiveCfg = Debug|Any CPU
		{57715DA5-84A3-483B-A226-036ABD9B0537}.Debug|Any CPU.Build.0 = Debug|Any CPU
		{57715DA5-84A3-483B-A226-036ABD9B0537}.Release|Any CPU.ActiveCfg = Release|Any CPU
		{57715DA5-84A3-483B-A226-036ABD9B0537}.Release|Any CPU.Build.0 = Release|Any CPU
		{92CC43BC-2331-4B1E-B498-F8A0C62E3839}.Debug|Any CPU.ActiveCfg = Debug|Any CPU
		{92CC43BC-2331-4B1E-B498-F8A0C62E3839}.Debug|Any CPU.Build.0 = Debug|Any CPU
		{92CC43BC-2331-4B1E-B498-F8A0C62E3839}.Release|Any CPU.ActiveCfg = Release|Any CPU
		{92CC43BC-2331-4B1E-B498-F8A0C62E3839}.Release|Any CPU.Build.0 = Release|Any CPU
		{059E56DF-22D5-496A-8EAB-3EA73C99777B}.Debug|Any CPU.ActiveCfg = Debug|Any CPU
		{059E56DF-22D5-496A-8EAB-3EA73C99777B}.Debug|Any CPU.Build.0 = Debug|Any CPU
		{059E56DF-22D5-496A-8EAB-3EA73C99777B}.Release|Any CPU.ActiveCfg = Release|Any CPU
		{059E56DF-22D5-496A-8EAB-3EA73C99777B}.Release|Any CPU.Build.0 = Release|Any CPU
		{E4884AF8-F27B-4747-B04F-70E86AA69DED}.Debug|Any CPU.ActiveCfg = Debug|Any CPU
		{E4884AF8-F27B-4747-B04F-70E86AA69DED}.Debug|Any CPU.Build.0 = Debug|Any CPU
		{E4884AF8-F27B-4747-B04F-70E86AA69DED}.Release|Any CPU.ActiveCfg = Release|Any CPU
		{E4884AF8-F27B-4747-B04F-70E86AA69DED}.Release|Any CPU.Build.0 = Release|Any CPU
		{26E422E8-C5F3-4FA0-8E35-75B0557FA2DD}.Debug|Any CPU.ActiveCfg = Debug|Any CPU
		{26E422E8-C5F3-4FA0-8E35-75B0557FA2DD}.Debug|Any CPU.Build.0 = Debug|Any CPU
		{26E422E8-C5F3-4FA0-8E35-75B0557FA2DD}.Release|Any CPU.ActiveCfg = Release|Any CPU
		{26E422E8-C5F3-4FA0-8E35-75B0557FA2DD}.Release|Any CPU.Build.0 = Release|Any CPU
		{271692B1-77C4-49FA-A4E2-6A7171CDFB19}.Debug|Any CPU.ActiveCfg = Debug|Any CPU
		{271692B1-77C4-49FA-A4E2-6A7171CDFB19}.Debug|Any CPU.Build.0 = Debug|Any CPU
		{271692B1-77C4-49FA-A4E2-6A7171CDFB19}.Release|Any CPU.ActiveCfg = Release|Any CPU
		{271692B1-77C4-49FA-A4E2-6A7171CDFB19}.Release|Any CPU.Build.0 = Release|Any CPU
		{049F1406-B613-4857-9549-3D17021F766C}.Debug|Any CPU.ActiveCfg = Debug|Any CPU
		{049F1406-B613-4857-9549-3D17021F766C}.Debug|Any CPU.Build.0 = Debug|Any CPU
		{049F1406-B613-4857-9549-3D17021F766C}.Release|Any CPU.ActiveCfg = Release|Any CPU
		{049F1406-B613-4857-9549-3D17021F766C}.Release|Any CPU.Build.0 = Release|Any CPU
		{C31B8BB0-8C32-476A-BD5C-60563C624DEE}.Debug|Any CPU.ActiveCfg = Debug|Any CPU
		{C31B8BB0-8C32-476A-BD5C-60563C624DEE}.Debug|Any CPU.Build.0 = Debug|Any CPU
		{C31B8BB0-8C32-476A-BD5C-60563C624DEE}.Release|Any CPU.ActiveCfg = Release|Any CPU
		{C31B8BB0-8C32-476A-BD5C-60563C624DEE}.Release|Any CPU.Build.0 = Release|Any CPU
		{7A969DA9-0C88-4A1C-AB84-DE7E5262EDBF}.Debug|Any CPU.ActiveCfg = Debug|Any CPU
		{7A969DA9-0C88-4A1C-AB84-DE7E5262EDBF}.Debug|Any CPU.Build.0 = Debug|Any CPU
		{7A969DA9-0C88-4A1C-AB84-DE7E5262EDBF}.Release|Any CPU.ActiveCfg = Release|Any CPU
		{7A969DA9-0C88-4A1C-AB84-DE7E5262EDBF}.Release|Any CPU.Build.0 = Release|Any CPU
		{113BE27F-20B1-4BC4-A1DD-8F4339F16CE5}.Debug|Any CPU.ActiveCfg = Debug|Any CPU
		{113BE27F-20B1-4BC4-A1DD-8F4339F16CE5}.Debug|Any CPU.Build.0 = Debug|Any CPU
		{113BE27F-20B1-4BC4-A1DD-8F4339F16CE5}.Release|Any CPU.ActiveCfg = Release|Any CPU
		{113BE27F-20B1-4BC4-A1DD-8F4339F16CE5}.Release|Any CPU.Build.0 = Release|Any CPU
	EndGlobalSection
	GlobalSection(SolutionProperties) = preSolution
		HideSolutionNode = FALSE
	EndGlobalSection
	GlobalSection(ExtensibilityGlobals) = postSolution
		SolutionGuid = {C4F34964-2F25-406C-A4D8-6CD4178E8929}
	EndGlobalSection
EndGlobal
